{
  "dependencies": {
    "cloudinary": {
      "version": "1.3.1",
      "resolved": "https://registry.npmjs.org/cloudinary/-/cloudinary-1.3.1.tgz",
      "from": "https://registry.npmjs.org/cloudinary/-/cloudinary-1.3.1.tgz",
      "dependencies": {
        "lodash": {
          "version": "3.10.1",
          "resolved": "https://registry.npmjs.org/lodash/-/lodash-3.10.1.tgz",
          "from": "https://registry.npmjs.org/lodash/-/lodash-3.10.1.tgz"
        },
        "q": {
          "version": "1.4.1",
          "resolved": "https://registry.npmjs.org/q/-/q-1.4.1.tgz",
          "from": "https://registry.npmjs.org/q/-/q-1.4.1.tgz"
        }
      }
    },
    "cloudinary-jquery": {
      "version": "2.0.9",
      "resolved": "https://registry.npmjs.org/cloudinary-jquery/-/cloudinary-jquery-2.0.9.tgz",
      "from": "cloudinary-jquery@2.0.9",
      "dependencies": {
        "jquery": {
          "version": "2.2.4",
          "resolved": "https://registry.npmjs.org/jquery/-/jquery-2.2.4.tgz",
          "from": "jquery@>=1.6.0"
        }
      }
    }
  }
}
