{
  "lockfileVersion": 1,
  "dependencies": {
    "cloudinary": {
      "version": "1.9.1",
      "resolved": "https://registry.npmjs.org/cloudinary/-/cloudinary-1.9.1.tgz",
      "integrity": "sha512-VfeDkEmamZ5R5BWpMs4rPLwaVDjONE2zxLOrqV+lKzLeqn2TTvEAy/CRQxUmcdxFLJ96gl62LUn+IoUMiYiuYw=="
    },
    "cloudinary-jquery": {
      "version": "2.3.0",
      "resolved": "https://registry.npmjs.org/cloudinary-jquery/-/cloudinary-jquery-2.3.0.tgz",
      "integrity": "sha1-IT+zTEA2cOe7rCcXRqGlyqGyVKk="
    },
    "jquery": {
      "version": "3.2.1",
      "resolved": "https://registry.npmjs.org/jquery/-/jquery-3.2.1.tgz",
      "integrity": "sha1-XE2d5lKvbNCncBVKYxu6ErAVx4c="
    },
    "lodash": {
      "version": "3.10.1",
      "resolved": "https://registry.npmjs.org/lodash/-/lodash-3.10.1.tgz",
      "integrity": "sha1-W/Rejkm6QYnhfUgnid/RW9FAt7Y="
    },
    "q": {
      "version": "1.4.1",
      "resolved": "https://registry.npmjs.org/q/-/q-1.4.1.tgz",
      "integrity": "sha1-VXBbzZPF82c1MMLCy8DCs63cKG4="
    }
  }
}
